// !$*UTF8*$!
{
	archiveVersion = 1;
	classes = {
	};
	objectVersion = 46;
	objects = {

/* Begin PBXBuildFile section */
		4C530D01E1F66C1326A0DE3F /* Pods_gRPCTests.framework in Frameworks */ = {isa = PBXBuildFile; fileRef = A459636A1C4E4536528EAE2B /* Pods_gRPCTests.framework */; };
		516F0748B52E4098CE283574 /* Pods_stickynotes.framework in Frameworks */ = {isa = PBXBuildFile; fileRef = 65688938A2F7216102D22916 /* Pods_stickynotes.framework */; };
		681CCC4A24310AFC0031EE45 /* gRPCTests.swift in Sources */ = {isa = PBXBuildFile; fileRef = 681CCC4924310AFC0031EE45 /* gRPCTests.swift */; };
		681CCC5824311FC40031EE45 /* RESTTests.swift in Sources */ = {isa = PBXBuildFile; fileRef = 681CCC5724311FC40031EE45 /* RESTTests.swift */; };
		681CCC84243C63C70031EE45 /* Reporter.swift in Sources */ = {isa = PBXBuildFile; fileRef = 681CCC83243C63C70031EE45 /* Reporter.swift */; };
		681CCC85243C63C70031EE45 /* Reporter.swift in Sources */ = {isa = PBXBuildFile; fileRef = 681CCC83243C63C70031EE45 /* Reporter.swift */; };
		688CC436242CBF7D005734A3 /* AppDelegate.swift in Sources */ = {isa = PBXBuildFile; fileRef = 688CC435242CBF7C005734A3 /* AppDelegate.swift */; };
		D326502F1CB728D30049E61E /* ssl.crt in Resources */ = {isa = PBXBuildFile; fileRef = D326502E1CB728D30049E61E /* ssl.crt */; };
		D388474B1C7D4DDF00160FE6 /* Main.storyboard in Resources */ = {isa = PBXBuildFile; fileRef = D38847491C7D4DDF00160FE6 /* Main.storyboard */; };
		D388474D1C7D4DDF00160FE6 /* Assets.xcassets in Resources */ = {isa = PBXBuildFile; fileRef = D388474C1C7D4DDF00160FE6 /* Assets.xcassets */; };
		D38847501C7D4DDF00160FE6 /* LaunchScreen.storyboard in Resources */ = {isa = PBXBuildFile; fileRef = D388474E1C7D4DDF00160FE6 /* LaunchScreen.storyboard */; };
		D3BF6C7D1D1C8E6C00055E02 /* StickyNotesViewController.swift in Sources */ = {isa = PBXBuildFile; fileRef = D3BF6C7C1D1C8E6C00055E02 /* StickyNotesViewController.swift */; };
/* End PBXBuildFile section */

/* Begin PBXContainerItemProxy section */
		681CCC4C24310AFC0031EE45 /* PBXContainerItemProxy */ = {
			isa = PBXContainerItemProxy;
			containerPortal = D38847351C7D4DDE00160FE6 /* Project object */;
			proxyType = 1;
			remoteGlobalIDString = D388473C1C7D4DDE00160FE6;
			remoteInfo = stickynotes;
		};
		681CCC5A24311FC40031EE45 /* PBXContainerItemProxy */ = {
			isa = PBXContainerItemProxy;
			containerPortal = D38847351C7D4DDE00160FE6 /* Project object */;
			proxyType = 1;
			remoteGlobalIDString = D388473C1C7D4DDE00160FE6;
			remoteInfo = stickynotes;
		};
/* End PBXContainerItemProxy section */

/* Begin PBXFileReference section */
		65688938A2F7216102D22916 /* Pods_stickynotes.framework */ = {isa = PBXFileReference; explicitFileType = wrapper.framework; includeInIndex = 0; path = Pods_stickynotes.framework; sourceTree = BUILT_PRODUCTS_DIR; };
		681CCC062430CCDC0031EE45 /* stickynotes-Bridging-Header.h */ = {isa = PBXFileReference; fileEncoding = 4; lastKnownFileType = sourcecode.c.h; path = "stickynotes-Bridging-Header.h"; sourceTree = "<group>"; };
		681CCC4724310AFC0031EE45 /* gRPCTests.xctest */ = {isa = PBXFileReference; explicitFileType = wrapper.cfbundle; includeInIndex = 0; path = gRPCTests.xctest; sourceTree = BUILT_PRODUCTS_DIR; };
		681CCC4924310AFC0031EE45 /* gRPCTests.swift */ = {isa = PBXFileReference; lastKnownFileType = sourcecode.swift; path = gRPCTests.swift; sourceTree = "<group>"; };
		681CCC4B24310AFC0031EE45 /* Info.plist */ = {isa = PBXFileReference; lastKnownFileType = text.plist.xml; path = Info.plist; sourceTree = "<group>"; };
		681CCC5524311FC40031EE45 /* RESTTests.xctest */ = {isa = PBXFileReference; explicitFileType = wrapper.cfbundle; includeInIndex = 0; path = RESTTests.xctest; sourceTree = BUILT_PRODUCTS_DIR; };
		681CCC5724311FC40031EE45 /* RESTTests.swift */ = {isa = PBXFileReference; lastKnownFileType = sourcecode.swift; path = RESTTests.swift; sourceTree = "<group>"; };
		681CCC5924311FC40031EE45 /* Info.plist */ = {isa = PBXFileReference; lastKnownFileType = text.plist.xml; path = Info.plist; sourceTree = "<group>"; };
		681CCC70243131490031EE45 /* stickynotes copy-Info.plist */ = {isa = PBXFileReference; lastKnownFileType = text.plist.xml; name = "stickynotes copy-Info.plist"; path = "/Users/anirudh.vyas/Documents/Repos/NetworkCommunicationComparisonStudy/AnirudhGitNBS/networkBenchMark/stickynoteapi/gRPC/Swift/stickynotes copy-Info.plist"; sourceTree = "<absolute>"; };
		681CCC83243C63C70031EE45 /* Reporter.swift */ = {isa = PBXFileReference; lastKnownFileType = sourcecode.swift; path = Reporter.swift; sourceTree = "<group>"; };
		688CC435242CBF7C005734A3 /* AppDelegate.swift */ = {isa = PBXFileReference; fileEncoding = 4; lastKnownFileType = sourcecode.swift; path = AppDelegate.swift; sourceTree = "<group>"; };
		956CD59DE5FBCB500CA0EBDC /* Pods-gRPCTests.debug.xcconfig */ = {isa = PBXFileReference; includeInIndex = 1; lastKnownFileType = text.xcconfig; name = "Pods-gRPCTests.debug.xcconfig"; path = "Target Support Files/Pods-gRPCTests/Pods-gRPCTests.debug.xcconfig"; sourceTree = "<group>"; };
		9681B48A4EC55F3D78804310 /* Pods-stickynotes.release.xcconfig */ = {isa = PBXFileReference; includeInIndex = 1; lastKnownFileType = text.xcconfig; name = "Pods-stickynotes.release.xcconfig"; path = "Target Support Files/Pods-stickynotes/Pods-stickynotes.release.xcconfig"; sourceTree = "<group>"; };
		A459636A1C4E4536528EAE2B /* Pods_gRPCTests.framework */ = {isa = PBXFileReference; explicitFileType = wrapper.framework; includeInIndex = 0; path = Pods_gRPCTests.framework; sourceTree = BUILT_PRODUCTS_DIR; };
		D326502E1CB728D30049E61E /* ssl.crt */ = {isa = PBXFileReference; fileEncoding = 4; lastKnownFileType = text; path = ssl.crt; sourceTree = "<group>"; };
		D388473D1C7D4DDE00160FE6 /* stickynotes.app */ = {isa = PBXFileReference; explicitFileType = wrapper.application; includeInIndex = 0; path = stickynotes.app; sourceTree = BUILT_PRODUCTS_DIR; };
		D388474A1C7D4DDF00160FE6 /* Base */ = {isa = PBXFileReference; lastKnownFileType = file.storyboard; name = Base; path = Base.lproj/Main.storyboard; sourceTree = "<group>"; };
		D388474C1C7D4DDF00160FE6 /* Assets.xcassets */ = {isa = PBXFileReference; lastKnownFileType = folder.assetcatalog; path = Assets.xcassets; sourceTree = "<group>"; };
		D388474F1C7D4DDF00160FE6 /* Base */ = {isa = PBXFileReference; lastKnownFileType = file.storyboard; name = Base; path = Base.lproj/LaunchScreen.storyboard; sourceTree = "<group>"; };
		D38847511C7D4DDF00160FE6 /* Info.plist */ = {isa = PBXFileReference; lastKnownFileType = text.plist.xml; path = Info.plist; sourceTree = "<group>"; };
		D3BF6C7C1D1C8E6C00055E02 /* StickyNotesViewController.swift */ = {isa = PBXFileReference; fileEncoding = 4; lastKnownFileType = sourcecode.swift; path = StickyNotesViewController.swift; sourceTree = "<group>"; };
		DCE6C08E7E84A9FD0324CA2E /* Pods-gRPCTests.release.xcconfig */ = {isa = PBXFileReference; includeInIndex = 1; lastKnownFileType = text.xcconfig; name = "Pods-gRPCTests.release.xcconfig"; path = "Target Support Files/Pods-gRPCTests/Pods-gRPCTests.release.xcconfig"; sourceTree = "<group>"; };
		F460E21351526033A77FB483 /* Pods-stickynotes.debug.xcconfig */ = {isa = PBXFileReference; includeInIndex = 1; lastKnownFileType = text.xcconfig; name = "Pods-stickynotes.debug.xcconfig"; path = "Target Support Files/Pods-stickynotes/Pods-stickynotes.debug.xcconfig"; sourceTree = "<group>"; };
/* End PBXFileReference section */

/* Begin PBXFrameworksBuildPhase section */
		681CCC4424310AFC0031EE45 /* Frameworks */ = {
			isa = PBXFrameworksBuildPhase;
			buildActionMask = 2147483647;
			files = (
				4C530D01E1F66C1326A0DE3F /* Pods_gRPCTests.framework in Frameworks */,
			);
			runOnlyForDeploymentPostprocessing = 0;
		};
		681CCC5224311FC40031EE45 /* Frameworks */ = {
			isa = PBXFrameworksBuildPhase;
			buildActionMask = 2147483647;
			files = (
			);
			runOnlyForDeploymentPostprocessing = 0;
		};
		D388473A1C7D4DDE00160FE6 /* Frameworks */ = {
			isa = PBXFrameworksBuildPhase;
			buildActionMask = 2147483647;
			files = (
				516F0748B52E4098CE283574 /* Pods_stickynotes.framework in Frameworks */,
			);
			runOnlyForDeploymentPostprocessing = 0;
		};
/* End PBXFrameworksBuildPhase section */

/* Begin PBXGroup section */
		3FE53C5ECC7C866F4BDEBBA8 /* Frameworks */ = {
			isa = PBXGroup;
			children = (
				65688938A2F7216102D22916 /* Pods_stickynotes.framework */,
				A459636A1C4E4536528EAE2B /* Pods_gRPCTests.framework */,
			);
			name = Frameworks;
			sourceTree = "<group>";
		};
		681CCC4824310AFC0031EE45 /* gRPCTests */ = {
			isa = PBXGroup;
			children = (
				681CCC4924310AFC0031EE45 /* gRPCTests.swift */,
				681CCC4B24310AFC0031EE45 /* Info.plist */,
			);
			path = gRPCTests;
			sourceTree = "<group>";
		};
		681CCC5624311FC40031EE45 /* RESTTests */ = {
			isa = PBXGroup;
			children = (
				681CCC5724311FC40031EE45 /* RESTTests.swift */,
				681CCC5924311FC40031EE45 /* Info.plist */,
			);
			path = RESTTests;
			sourceTree = "<group>";
		};
		D38847341C7D4DDE00160FE6 = {
			isa = PBXGroup;
			children = (
				D388473F1C7D4DDF00160FE6 /* stickynotes */,
				681CCC4824310AFC0031EE45 /* gRPCTests */,
				681CCC5624311FC40031EE45 /* RESTTests */,
				D388473E1C7D4DDE00160FE6 /* Products */,
				DE149944985A3933589B23AD /* Pods */,
				3FE53C5ECC7C866F4BDEBBA8 /* Frameworks */,
				681CCC70243131490031EE45 /* stickynotes copy-Info.plist */,
			);
			sourceTree = "<group>";
		};
		D388473E1C7D4DDE00160FE6 /* Products */ = {
			isa = PBXGroup;
			children = (
				D388473D1C7D4DDE00160FE6 /* stickynotes.app */,
				681CCC4724310AFC0031EE45 /* gRPCTests.xctest */,
				681CCC5524311FC40031EE45 /* RESTTests.xctest */,
			);
			name = Products;
			sourceTree = "<group>";
		};
		D388473F1C7D4DDF00160FE6 /* stickynotes */ = {
			isa = PBXGroup;
			children = (
				D326502E1CB728D30049E61E /* ssl.crt */,
				D38847491C7D4DDF00160FE6 /* Main.storyboard */,
				D388474C1C7D4DDF00160FE6 /* Assets.xcassets */,
				D388474E1C7D4DDF00160FE6 /* LaunchScreen.storyboard */,
				D38847511C7D4DDF00160FE6 /* Info.plist */,
				D38847401C7D4DDF00160FE6 /* Supporting Files */,
				688CC435242CBF7C005734A3 /* AppDelegate.swift */,
				681CCC062430CCDC0031EE45 /* stickynotes-Bridging-Header.h */,
				D3BF6C7C1D1C8E6C00055E02 /* StickyNotesViewController.swift */,
				681CCC83243C63C70031EE45 /* Reporter.swift */,
			);
			path = stickynotes;
			sourceTree = "<group>";
		};
		D38847401C7D4DDF00160FE6 /* Supporting Files */ = {
			isa = PBXGroup;
			children = (
			);
			name = "Supporting Files";
			sourceTree = "<group>";
		};
		DE149944985A3933589B23AD /* Pods */ = {
			isa = PBXGroup;
			children = (
				F460E21351526033A77FB483 /* Pods-stickynotes.debug.xcconfig */,
				9681B48A4EC55F3D78804310 /* Pods-stickynotes.release.xcconfig */,
				956CD59DE5FBCB500CA0EBDC /* Pods-gRPCTests.debug.xcconfig */,
				DCE6C08E7E84A9FD0324CA2E /* Pods-gRPCTests.release.xcconfig */,
			);
			path = Pods;
			sourceTree = "<group>";
		};
/* End PBXGroup section */

/* Begin PBXNativeTarget section */
		681CCC4624310AFC0031EE45 /* gRPCTests */ = {
			isa = PBXNativeTarget;
			buildConfigurationList = 681CCC5024310AFC0031EE45 /* Build configuration list for PBXNativeTarget "gRPCTests" */;
			buildPhases = (
				BC6E1FD38DF518307E52106C /* [CP] Check Pods Manifest.lock */,
				681CCC4324310AFC0031EE45 /* Sources */,
				681CCC4424310AFC0031EE45 /* Frameworks */,
				681CCC4524310AFC0031EE45 /* Resources */,
			);
			buildRules = (
			);
			dependencies = (
				681CCC4D24310AFC0031EE45 /* PBXTargetDependency */,
			);
			name = gRPCTests;
			productName = gRPCTests;
			productReference = 681CCC4724310AFC0031EE45 /* gRPCTests.xctest */;
			productType = "com.apple.product-type.bundle.unit-test";
		};
		681CCC5424311FC40031EE45 /* RESTTests */ = {
			isa = PBXNativeTarget;
			buildConfigurationList = 681CCC5E24311FC40031EE45 /* Build configuration list for PBXNativeTarget "RESTTests" */;
			buildPhases = (
				681CCC5124311FC40031EE45 /* Sources */,
				681CCC5224311FC40031EE45 /* Frameworks */,
				681CCC5324311FC40031EE45 /* Resources */,
			);
			buildRules = (
			);
			dependencies = (
				681CCC5B24311FC40031EE45 /* PBXTargetDependency */,
			);
			name = RESTTests;
			productName = RESTTests;
			productReference = 681CCC5524311FC40031EE45 /* RESTTests.xctest */;
			productType = "com.apple.product-type.bundle.unit-test";
		};
		D388473C1C7D4DDE00160FE6 /* stickynotes */ = {
			isa = PBXNativeTarget;
			buildConfigurationList = D38847541C7D4DDF00160FE6 /* Build configuration list for PBXNativeTarget "stickynotes" */;
			buildPhases = (
				325740EF40063EAEBDAA0C59 /* [CP] Check Pods Manifest.lock */,
				D38847391C7D4DDE00160FE6 /* Sources */,
				D388473A1C7D4DDE00160FE6 /* Frameworks */,
				D388473B1C7D4DDE00160FE6 /* Resources */,
				D6120DDA0D73CFF50667A4D3 /* [CP] Embed Pods Frameworks */,
			);
			buildRules = (
			);
			dependencies = (
			);
			name = stickynotes;
			productName = stickynotes;
			productReference = D388473D1C7D4DDE00160FE6 /* stickynotes.app */;
			productType = "com.apple.product-type.application";
		};
/* End PBXNativeTarget section */

/* Begin PBXProject section */
		D38847351C7D4DDE00160FE6 /* Project object */ = {
			isa = PBXProject;
			attributes = {
				LastSwiftUpdateCheck = 1130;
				LastUpgradeCheck = 0800;
				ORGANIZATIONNAME = Google;
				TargetAttributes = {
					681CCC4624310AFC0031EE45 = {
						CreatedOnToolsVersion = 11.3.1;
						ProvisioningStyle = Automatic;
						TestTargetID = D388473C1C7D4DDE00160FE6;
					};
					681CCC5424311FC40031EE45 = {
						CreatedOnToolsVersion = 11.3.1;
						ProvisioningStyle = Automatic;
						TestTargetID = D388473C1C7D4DDE00160FE6;
					};
					D388473C1C7D4DDE00160FE6 = {
						CreatedOnToolsVersion = 7.2;
						LastSwiftMigration = 0800;
						ProvisioningStyle = Manual;
					};
				};
			};
			buildConfigurationList = D38847381C7D4DDE00160FE6 /* Build configuration list for PBXProject "stickynotes" */;
			compatibilityVersion = "Xcode 3.2";
			developmentRegion = English;
			hasScannedForEncodings = 0;
			knownRegions = (
				English,
				en,
				Base,
			);
			mainGroup = D38847341C7D4DDE00160FE6;
			productRefGroup = D388473E1C7D4DDE00160FE6 /* Products */;
			projectDirPath = "";
			projectRoot = "";
			targets = (
				D388473C1C7D4DDE00160FE6 /* stickynotes */,
				681CCC4624310AFC0031EE45 /* gRPCTests */,
				681CCC5424311FC40031EE45 /* RESTTests */,
			);
		};
/* End PBXProject section */

/* Begin PBXResourcesBuildPhase section */
		681CCC4524310AFC0031EE45 /* Resources */ = {
			isa = PBXResourcesBuildPhase;
			buildActionMask = 2147483647;
			files = (
			);
			runOnlyForDeploymentPostprocessing = 0;
		};
		681CCC5324311FC40031EE45 /* Resources */ = {
			isa = PBXResourcesBuildPhase;
			buildActionMask = 2147483647;
			files = (
			);
			runOnlyForDeploymentPostprocessing = 0;
		};
		D388473B1C7D4DDE00160FE6 /* Resources */ = {
			isa = PBXResourcesBuildPhase;
			buildActionMask = 2147483647;
			files = (
				D38847501C7D4DDF00160FE6 /* LaunchScreen.storyboard in Resources */,
				D326502F1CB728D30049E61E /* ssl.crt in Resources */,
				D388474D1C7D4DDF00160FE6 /* Assets.xcassets in Resources */,
				D388474B1C7D4DDF00160FE6 /* Main.storyboard in Resources */,
			);
			runOnlyForDeploymentPostprocessing = 0;
		};
/* End PBXResourcesBuildPhase section */

/* Begin PBXShellScriptBuildPhase section */
		325740EF40063EAEBDAA0C59 /* [CP] Check Pods Manifest.lock */ = {
			isa = PBXShellScriptBuildPhase;
			buildActionMask = 2147483647;
			files = (
			);
			inputFileListPaths = (
			);
			inputPaths = (
				"${PODS_PODFILE_DIR_PATH}/Podfile.lock",
				"${PODS_ROOT}/Manifest.lock",
			);
			name = "[CP] Check Pods Manifest.lock";
			outputFileListPaths = (
			);
			outputPaths = (
				"$(DERIVED_FILE_DIR)/Pods-stickynotes-checkManifestLockResult.txt",
			);
			runOnlyForDeploymentPostprocessing = 0;
			shellPath = /bin/sh;
			shellScript = "diff \"${PODS_PODFILE_DIR_PATH}/Podfile.lock\" \"${PODS_ROOT}/Manifest.lock\" > /dev/null\nif [ $? != 0 ] ; then\n    # print error to STDERR\n    echo \"error: The sandbox is not in sync with the Podfile.lock. Run 'pod install' or update your CocoaPods installation.\" >&2\n    exit 1\nfi\n# This output is used by Xcode 'outputs' to avoid re-running this script phase.\necho \"SUCCESS\" > \"${SCRIPT_OUTPUT_FILE_0}\"\n";
			showEnvVarsInLog = 0;
		};
		BC6E1FD38DF518307E52106C /* [CP] Check Pods Manifest.lock */ = {
			isa = PBXShellScriptBuildPhase;
			buildActionMask = 2147483647;
			files = (
			);
			inputFileListPaths = (
			);
			inputPaths = (
				"${PODS_PODFILE_DIR_PATH}/Podfile.lock",
				"${PODS_ROOT}/Manifest.lock",
			);
			name = "[CP] Check Pods Manifest.lock";
			outputFileListPaths = (
			);
			outputPaths = (
				"$(DERIVED_FILE_DIR)/Pods-gRPCTests-checkManifestLockResult.txt",
			);
			runOnlyForDeploymentPostprocessing = 0;
			shellPath = /bin/sh;
			shellScript = "diff \"${PODS_PODFILE_DIR_PATH}/Podfile.lock\" \"${PODS_ROOT}/Manifest.lock\" > /dev/null\nif [ $? != 0 ] ; then\n    # print error to STDERR\n    echo \"error: The sandbox is not in sync with the Podfile.lock. Run 'pod install' or update your CocoaPods installation.\" >&2\n    exit 1\nfi\n# This output is used by Xcode 'outputs' to avoid re-running this script phase.\necho \"SUCCESS\" > \"${SCRIPT_OUTPUT_FILE_0}\"\n";
			showEnvVarsInLog = 0;
		};
		D6120DDA0D73CFF50667A4D3 /* [CP] Embed Pods Frameworks */ = {
			isa = PBXShellScriptBuildPhase;
			buildActionMask = 2147483647;
			files = (
			);
			inputPaths = (
				"${PODS_ROOT}/Target Support Files/Pods-stickynotes/Pods-stickynotes-frameworks.sh",
				"${BUILT_PRODUCTS_DIR}/BoringSSL-GRPC/openssl_grpc.framework",
				"${BUILT_PRODUCTS_DIR}/Protobuf/protobuf.framework",
				"${BUILT_PRODUCTS_DIR}/abseil/absl.framework",
				"${BUILT_PRODUCTS_DIR}/gRPC-Core/grpc.framework",
				"${BUILT_PRODUCTS_DIR}/gRPC-ProtoRPC/ProtoRPC.framework",
				"${BUILT_PRODUCTS_DIR}/gRPC-RxLibrary/RxLibrary.framework",
				"${BUILT_PRODUCTS_DIR}/gRPC/GRPCClient.framework",
				"${BUILT_PRODUCTS_DIR}/stickynote/stickynote.framework",
			);
			name = "[CP] Embed Pods Frameworks";
			outputPaths = (
				"${TARGET_BUILD_DIR}/${FRAMEWORKS_FOLDER_PATH}/openssl_grpc.framework",
				"${TARGET_BUILD_DIR}/${FRAMEWORKS_FOLDER_PATH}/protobuf.framework",
				"${TARGET_BUILD_DIR}/${FRAMEWORKS_FOLDER_PATH}/absl.framework",
				"${TARGET_BUILD_DIR}/${FRAMEWORKS_FOLDER_PATH}/grpc.framework",
				"${TARGET_BUILD_DIR}/${FRAMEWORKS_FOLDER_PATH}/ProtoRPC.framework",
				"${TARGET_BUILD_DIR}/${FRAMEWORKS_FOLDER_PATH}/RxLibrary.framework",
				"${TARGET_BUILD_DIR}/${FRAMEWORKS_FOLDER_PATH}/GRPCClient.framework",
				"${TARGET_BUILD_DIR}/${FRAMEWORKS_FOLDER_PATH}/stickynote.framework",
			);
			runOnlyForDeploymentPostprocessing = 0;
			shellPath = /bin/sh;
			shellScript = "\"${PODS_ROOT}/Target Support Files/Pods-stickynotes/Pods-stickynotes-frameworks.sh\"\n";
			showEnvVarsInLog = 0;
		};
/* End PBXShellScriptBuildPhase section */

/* Begin PBXSourcesBuildPhase section */
		681CCC4324310AFC0031EE45 /* Sources */ = {
			isa = PBXSourcesBuildPhase;
			buildActionMask = 2147483647;
			files = (
				681CCC84243C63C70031EE45 /* Reporter.swift in Sources */,
				681CCC4A24310AFC0031EE45 /* gRPCTests.swift in Sources */,
			);
			runOnlyForDeploymentPostprocessing = 0;
		};
		681CCC5124311FC40031EE45 /* Sources */ = {
			isa = PBXSourcesBuildPhase;
			buildActionMask = 2147483647;
			files = (
				681CCC85243C63C70031EE45 /* Reporter.swift in Sources */,
				681CCC5824311FC40031EE45 /* RESTTests.swift in Sources */,
			);
			runOnlyForDeploymentPostprocessing = 0;
		};
		D38847391C7D4DDE00160FE6 /* Sources */ = {
			isa = PBXSourcesBuildPhase;
			buildActionMask = 2147483647;
			files = (
				688CC436242CBF7D005734A3 /* AppDelegate.swift in Sources */,
				D3BF6C7D1D1C8E6C00055E02 /* StickyNotesViewController.swift in Sources */,
			);
			runOnlyForDeploymentPostprocessing = 0;
		};
/* End PBXSourcesBuildPhase section */

/* Begin PBXTargetDependency section */
		681CCC4D24310AFC0031EE45 /* PBXTargetDependency */ = {
			isa = PBXTargetDependency;
			target = D388473C1C7D4DDE00160FE6 /* stickynotes */;
			targetProxy = 681CCC4C24310AFC0031EE45 /* PBXContainerItemProxy */;
		};
		681CCC5B24311FC40031EE45 /* PBXTargetDependency */ = {
			isa = PBXTargetDependency;
			target = D388473C1C7D4DDE00160FE6 /* stickynotes */;
			targetProxy = 681CCC5A24311FC40031EE45 /* PBXContainerItemProxy */;
		};
/* End PBXTargetDependency section */

/* Begin PBXVariantGroup section */
		D38847491C7D4DDF00160FE6 /* Main.storyboard */ = {
			isa = PBXVariantGroup;
			children = (
				D388474A1C7D4DDF00160FE6 /* Base */,
			);
			name = Main.storyboard;
			sourceTree = "<group>";
		};
		D388474E1C7D4DDF00160FE6 /* LaunchScreen.storyboard */ = {
			isa = PBXVariantGroup;
			children = (
				D388474F1C7D4DDF00160FE6 /* Base */,
			);
			name = LaunchScreen.storyboard;
			sourceTree = "<group>";
		};
/* End PBXVariantGroup section */

/* Begin XCBuildConfiguration section */
		681CCC4E24310AFC0031EE45 /* Debug */ = {
			isa = XCBuildConfiguration;
			baseConfigurationReference = 956CD59DE5FBCB500CA0EBDC /* Pods-gRPCTests.debug.xcconfig */;
			buildSettings = {
				BUNDLE_LOADER = "$(TEST_HOST)";
				CLANG_ANALYZER_NONNULL = YES;
				CLANG_ANALYZER_NUMBER_OBJECT_CONVERSION = YES_AGGRESSIVE;
				CLANG_CXX_LANGUAGE_STANDARD = "gnu++14";
				CLANG_ENABLE_OBJC_WEAK = YES;
				CLANG_WARN_BLOCK_CAPTURE_AUTORELEASING = YES;
				CLANG_WARN_COMMA = YES;
				CLANG_WARN_DEPRECATED_OBJC_IMPLEMENTATIONS = YES;
				CLANG_WARN_DOCUMENTATION_COMMENTS = YES;
				CLANG_WARN_NON_LITERAL_NULL_CONVERSION = YES;
				CLANG_WARN_OBJC_IMPLICIT_RETAIN_SELF = YES;
				CLANG_WARN_OBJC_LITERAL_CONVERSION = YES;
				CLANG_WARN_RANGE_LOOP_ANALYSIS = YES;
				CLANG_WARN_STRICT_PROTOTYPES = YES;
				CLANG_WARN_UNGUARDED_AVAILABILITY = YES_AGGRESSIVE;
				CODE_SIGN_STYLE = Automatic;
				GCC_C_LANGUAGE_STANDARD = gnu11;
				GCC_PREPROCESSOR_DEFINITIONS = (
					"$(inherited)",
					"COCOAPODS=1",
					"$(inherited)",
					"GPB_USE_PROTOBUF_FRAMEWORK_IMPORTS=1",
					"OUTPUT_FOLDER_PATH=$(OUTPUT_FOLDER_PATH)",
				);
				INFOPLIST_FILE = gRPCTests/Info.plist;
				IPHONEOS_DEPLOYMENT_TARGET = 13.2;
				LD_RUNPATH_SEARCH_PATHS = "$(inherited) @executable_path/Frameworks @loader_path/Frameworks";
				MTL_ENABLE_DEBUG_INFO = INCLUDE_SOURCE;
				MTL_FAST_MATH = YES;
				OTHER_SWIFT_FLAGS = "-D OUTPUT_FOLDER_PATH";
				PRODUCT_BUNDLE_IDENTIFIER = com..gRPCTests;
				PRODUCT_NAME = "$(TARGET_NAME)";
				SWIFT_ACTIVE_COMPILATION_CONDITIONS = DEBUG;
				SWIFT_OPTIMIZATION_LEVEL = "-Onone";
				SWIFT_VERSION = 5.0;
				TARGETED_DEVICE_FAMILY = "1,2";
				TEST_HOST = "$(BUILT_PRODUCTS_DIR)/stickynotes.app/stickynotes";
			};
			name = Debug;
		};
		681CCC4F24310AFC0031EE45 /* Release */ = {
			isa = XCBuildConfiguration;
			baseConfigurationReference = DCE6C08E7E84A9FD0324CA2E /* Pods-gRPCTests.release.xcconfig */;
			buildSettings = {
				BUNDLE_LOADER = "$(TEST_HOST)";
				CLANG_ANALYZER_NONNULL = YES;
				CLANG_ANALYZER_NUMBER_OBJECT_CONVERSION = YES_AGGRESSIVE;
				CLANG_CXX_LANGUAGE_STANDARD = "gnu++14";
				CLANG_ENABLE_OBJC_WEAK = YES;
				CLANG_WARN_BLOCK_CAPTURE_AUTORELEASING = YES;
				CLANG_WARN_COMMA = YES;
				CLANG_WARN_DEPRECATED_OBJC_IMPLEMENTATIONS = YES;
				CLANG_WARN_DOCUMENTATION_COMMENTS = YES;
				CLANG_WARN_NON_LITERAL_NULL_CONVERSION = YES;
				CLANG_WARN_OBJC_IMPLICIT_RETAIN_SELF = YES;
				CLANG_WARN_OBJC_LITERAL_CONVERSION = YES;
				CLANG_WARN_RANGE_LOOP_ANALYSIS = YES;
				CLANG_WARN_STRICT_PROTOTYPES = YES;
				CLANG_WARN_UNGUARDED_AVAILABILITY = YES_AGGRESSIVE;
				CODE_SIGN_STYLE = Automatic;
				GCC_C_LANGUAGE_STANDARD = gnu11;
				INFOPLIST_FILE = gRPCTests/Info.plist;
				IPHONEOS_DEPLOYMENT_TARGET = 13.2;
				LD_RUNPATH_SEARCH_PATHS = "$(inherited) @executable_path/Frameworks @loader_path/Frameworks";
				MTL_FAST_MATH = YES;
				OTHER_SWIFT_FLAGS = "-D OUTPUT_FOLDER_PATH";
				PRODUCT_BUNDLE_IDENTIFIER = com..gRPCTests;
				PRODUCT_NAME = "$(TARGET_NAME)";
				SWIFT_OPTIMIZATION_LEVEL = "-Owholemodule";
				SWIFT_VERSION = 5.0;
				TARGETED_DEVICE_FAMILY = "1,2";
				TEST_HOST = "$(BUILT_PRODUCTS_DIR)/stickynotes.app/stickynotes";
			};
			name = Release;
		};
		681CCC5C24311FC40031EE45 /* Debug */ = {
			isa = XCBuildConfiguration;
			buildSettings = {
				BUNDLE_LOADER = "$(TEST_HOST)";
				CLANG_ANALYZER_NONNULL = YES;
				CLANG_ANALYZER_NUMBER_OBJECT_CONVERSION = YES_AGGRESSIVE;
				CLANG_CXX_LANGUAGE_STANDARD = "gnu++14";
				CLANG_ENABLE_OBJC_WEAK = YES;
				CLANG_WARN_BLOCK_CAPTURE_AUTORELEASING = YES;
				CLANG_WARN_COMMA = YES;
				CLANG_WARN_DEPRECATED_OBJC_IMPLEMENTATIONS = YES;
				CLANG_WARN_DOCUMENTATION_COMMENTS = YES;
				CLANG_WARN_NON_LITERAL_NULL_CONVERSION = YES;
				CLANG_WARN_OBJC_IMPLICIT_RETAIN_SELF = YES;
				CLANG_WARN_OBJC_LITERAL_CONVERSION = YES;
				CLANG_WARN_RANGE_LOOP_ANALYSIS = YES;
				CLANG_WARN_STRICT_PROTOTYPES = YES;
				CLANG_WARN_UNGUARDED_AVAILABILITY = YES_AGGRESSIVE;
				CODE_SIGN_STYLE = Automatic;
				GCC_C_LANGUAGE_STANDARD = gnu11;
				GCC_PREPROCESSOR_DEFINITIONS = (
					"DEBUG=1",
					"$(inherited)",
					"OUTPUT_FOLDER_PATH=$(OUTPUT_FOLDER_PATH)",
				);
				INFOPLIST_FILE = RESTTests/Info.plist;
				IPHONEOS_DEPLOYMENT_TARGET = 13.2;
				LD_RUNPATH_SEARCH_PATHS = "$(inherited) @executable_path/Frameworks @loader_path/Frameworks";
				MTL_ENABLE_DEBUG_INFO = INCLUDE_SOURCE;
				MTL_FAST_MATH = YES;
				OTHER_SWIFT_FLAGS = "-D OUTPUT_FOLDER_PATH";
				PRODUCT_BUNDLE_IDENTIFIER = com..RESTTests;
				PRODUCT_NAME = "$(TARGET_NAME)";
				SWIFT_ACTIVE_COMPILATION_CONDITIONS = DEBUG;
				SWIFT_OPTIMIZATION_LEVEL = "-Onone";
				SWIFT_VERSION = 5.0;
				TARGETED_DEVICE_FAMILY = "1,2";
				TEST_HOST = "$(BUILT_PRODUCTS_DIR)/stickynotes.app/stickynotes";
			};
			name = Debug;
		};
		681CCC5D24311FC40031EE45 /* Release */ = {
			isa = XCBuildConfiguration;
			buildSettings = {
				BUNDLE_LOADER = "$(TEST_HOST)";
				CLANG_ANALYZER_NONNULL = YES;
				CLANG_ANALYZER_NUMBER_OBJECT_CONVERSION = YES_AGGRESSIVE;
				CLANG_CXX_LANGUAGE_STANDARD = "gnu++14";
				CLANG_ENABLE_OBJC_WEAK = YES;
				CLANG_WARN_BLOCK_CAPTURE_AUTORELEASING = YES;
				CLANG_WARN_COMMA = YES;
				CLANG_WARN_DEPRECATED_OBJC_IMPLEMENTATIONS = YES;
				CLANG_WARN_DOCUMENTATION_COMMENTS = YES;
				CLANG_WARN_NON_LITERAL_NULL_CONVERSION = YES;
				CLANG_WARN_OBJC_IMPLICIT_RETAIN_SELF = YES;
				CLANG_WARN_OBJC_LITERAL_CONVERSION = YES;
				CLANG_WARN_RANGE_LOOP_ANALYSIS = YES;
				CLANG_WARN_STRICT_PROTOTYPES = YES;
				CLANG_WARN_UNGUARDED_AVAILABILITY = YES_AGGRESSIVE;
				CODE_SIGN_STYLE = Automatic;
				GCC_C_LANGUAGE_STANDARD = gnu11;
				INFOPLIST_FILE = RESTTests/Info.plist;
				IPHONEOS_DEPLOYMENT_TARGET = 13.2;
				LD_RUNPATH_SEARCH_PATHS = "$(inherited) @executable_path/Frameworks @loader_path/Frameworks";
				MTL_FAST_MATH = YES;
				OTHER_SWIFT_FLAGS = "-D OUTPUT_FOLDER_PATH";
				PRODUCT_BUNDLE_IDENTIFIER = com..RESTTests;
				PRODUCT_NAME = "$(TARGET_NAME)";
				SWIFT_OPTIMIZATION_LEVEL = "-Owholemodule";
				SWIFT_VERSION = 5.0;
				TARGETED_DEVICE_FAMILY = "1,2";
				TEST_HOST = "$(BUILT_PRODUCTS_DIR)/stickynotes.app/stickynotes";
			};
			name = Release;
		};
		D38847521C7D4DDF00160FE6 /* Debug */ = {
			isa = XCBuildConfiguration;
			buildSettings = {
				ALWAYS_SEARCH_USER_PATHS = NO;
				CLANG_CXX_LANGUAGE_STANDARD = "gnu++0x";
				CLANG_CXX_LIBRARY = "libc++";
				CLANG_ENABLE_MODULES = YES;
				CLANG_ENABLE_OBJC_ARC = YES;
				CLANG_WARN_BOOL_CONVERSION = YES;
				CLANG_WARN_CONSTANT_CONVERSION = YES;
				CLANG_WARN_DIRECT_OBJC_ISA_USAGE = YES_ERROR;
				CLANG_WARN_EMPTY_BODY = YES;
				CLANG_WARN_ENUM_CONVERSION = YES;
				CLANG_WARN_INFINITE_RECURSION = YES;
				CLANG_WARN_INT_CONVERSION = YES;
				CLANG_WARN_OBJC_ROOT_CLASS = YES_ERROR;
				CLANG_WARN_SUSPICIOUS_MOVE = YES;
				CLANG_WARN_UNREACHABLE_CODE = YES;
				CLANG_WARN__DUPLICATE_METHOD_MATCH = YES;
				"CODE_SIGN_IDENTITY[sdk=iphoneos*]" = "iPhone Developer";
				COPY_PHASE_STRIP = NO;
				DEBUG_INFORMATION_FORMAT = dwarf;
				ENABLE_STRICT_OBJC_MSGSEND = YES;
				ENABLE_TESTABILITY = YES;
				GCC_C_LANGUAGE_STANDARD = gnu99;
				GCC_DYNAMIC_NO_PIC = NO;
				GCC_NO_COMMON_BLOCKS = YES;
				GCC_OPTIMIZATION_LEVEL = 0;
				GCC_PREPROCESSOR_DEFINITIONS = (
					"DEBUG=1",
					"$(inherited)",
				);
				GCC_WARN_64_TO_32_BIT_CONVERSION = YES;
				GCC_WARN_ABOUT_RETURN_TYPE = YES_ERROR;
				GCC_WARN_UNDECLARED_SELECTOR = YES;
				GCC_WARN_UNINITIALIZED_AUTOS = YES_AGGRESSIVE;
				GCC_WARN_UNUSED_FUNCTION = YES;
				GCC_WARN_UNUSED_VARIABLE = YES;
				IPHONEOS_DEPLOYMENT_TARGET = 9.2;
				MTL_ENABLE_DEBUG_INFO = YES;
				ONLY_ACTIVE_ARCH = YES;
				SDKROOT = iphoneos;
				TARGETED_DEVICE_FAMILY = "1,2";
			};
			name = Debug;
		};
		D38847531C7D4DDF00160FE6 /* Release */ = {
			isa = XCBuildConfiguration;
			buildSettings = {
				ALWAYS_SEARCH_USER_PATHS = NO;
				CLANG_CXX_LANGUAGE_STANDARD = "gnu++0x";
				CLANG_CXX_LIBRARY = "libc++";
				CLANG_ENABLE_MODULES = YES;
				CLANG_ENABLE_OBJC_ARC = YES;
				CLANG_WARN_BOOL_CONVERSION = YES;
				CLANG_WARN_CONSTANT_CONVERSION = YES;
				CLANG_WARN_DIRECT_OBJC_ISA_USAGE = YES_ERROR;
				CLANG_WARN_EMPTY_BODY = YES;
				CLANG_WARN_ENUM_CONVERSION = YES;
				CLANG_WARN_INFINITE_RECURSION = YES;
				CLANG_WARN_INT_CONVERSION = YES;
				CLANG_WARN_OBJC_ROOT_CLASS = YES_ERROR;
				CLANG_WARN_SUSPICIOUS_MOVE = YES;
				CLANG_WARN_UNREACHABLE_CODE = YES;
				CLANG_WARN__DUPLICATE_METHOD_MATCH = YES;
				"CODE_SIGN_IDENTITY[sdk=iphoneos*]" = "iPhone Developer";
				COPY_PHASE_STRIP = NO;
				DEBUG_INFORMATION_FORMAT = "dwarf-with-dsym";
				ENABLE_NS_ASSERTIONS = NO;
				ENABLE_STRICT_OBJC_MSGSEND = YES;
				GCC_C_LANGUAGE_STANDARD = gnu99;
				GCC_NO_COMMON_BLOCKS = YES;
				GCC_WARN_64_TO_32_BIT_CONVERSION = YES;
				GCC_WARN_ABOUT_RETURN_TYPE = YES_ERROR;
				GCC_WARN_UNDECLARED_SELECTOR = YES;
				GCC_WARN_UNINITIALIZED_AUTOS = YES_AGGRESSIVE;
				GCC_WARN_UNUSED_FUNCTION = YES;
				GCC_WARN_UNUSED_VARIABLE = YES;
				IPHONEOS_DEPLOYMENT_TARGET = 9.2;
				MTL_ENABLE_DEBUG_INFO = NO;
				SDKROOT = iphoneos;
				TARGETED_DEVICE_FAMILY = "1,2";
				VALIDATE_PRODUCT = YES;
			};
			name = Release;
		};
		D38847551C7D4DDF00160FE6 /* Debug */ = {
			isa = XCBuildConfiguration;
			baseConfigurationReference = F460E21351526033A77FB483 /* Pods-stickynotes.debug.xcconfig */;
			buildSettings = {
				ASSETCATALOG_COMPILER_APPICON_NAME = AppIcon;
				CLANG_ENABLE_MODULES = YES;
				CODE_SIGN_STYLE = Manual;
				DEVELOPMENT_TEAM = "";
				GCC_PREPROCESSOR_DEFINITIONS = (
					"$(inherited)",
					"COCOAPODS=1",
					"$(inherited)",
					"GPB_USE_PROTOBUF_FRAMEWORK_IMPORTS=1",
					"OUTPUT_FOLDER_PATH=$(OUTPUT_FOLDER_PATH)",
				);
				INFOPLIST_FILE = stickynotes/Info.plist;
				LD_RUNPATH_SEARCH_PATHS = "$(inherited) @executable_path/Frameworks";
				OTHER_SWIFT_FLAGS = "-D OUTPUT_FOLDER_PATH";
				PRODUCT_BUNDLE_IDENTIFIER = com.google.stickynotes;
				PRODUCT_NAME = "$(TARGET_NAME)";
				PROVISIONING_PROFILE_SPECIFIER = "";
				SWIFT_OBJC_BRIDGING_HEADER = "stickynotes/stickynotes-Bridging-Header.h";
				SWIFT_OPTIMIZATION_LEVEL = "-Onone";
				SWIFT_VERSION = 5.0;
			};
			name = Debug;
		};
		D38847561C7D4DDF00160FE6 /* Release */ = {
			isa = XCBuildConfiguration;
			baseConfigurationReference = 9681B48A4EC55F3D78804310 /* Pods-stickynotes.release.xcconfig */;
			buildSettings = {
				ASSETCATALOG_COMPILER_APPICON_NAME = AppIcon;
				CLANG_ENABLE_MODULES = YES;
				CODE_SIGN_STYLE = Manual;
				DEVELOPMENT_TEAM = "";
				INFOPLIST_FILE = stickynotes/Info.plist;
				LD_RUNPATH_SEARCH_PATHS = "$(inherited) @executable_path/Frameworks";
				OTHER_SWIFT_FLAGS = "-D OUTPUT_FOLDER_PATH";
				PRODUCT_BUNDLE_IDENTIFIER = com.google.stickynotes;
				PRODUCT_NAME = "$(TARGET_NAME)";
				PROVISIONING_PROFILE_SPECIFIER = "";
				SWIFT_OBJC_BRIDGING_HEADER = "stickynotes/stickynotes-Bridging-Header.h";
				SWIFT_OPTIMIZATION_LEVEL = "-Owholemodule";
				SWIFT_VERSION = 5.0;
			};
			name = Release;
		};
/* End XCBuildConfiguration section */

/* Begin XCConfigurationList section */
		681CCC5024310AFC0031EE45 /* Build configuration list for PBXNativeTarget "gRPCTests" */ = {
			isa = XCConfigurationList;
			buildConfigurations = (
				681CCC4E24310AFC0031EE45 /* Debug */,
				681CCC4F24310AFC0031EE45 /* Release */,
			);
			defaultConfigurationIsVisible = 0;
			defaultConfigurationName = Release;
		};
		681CCC5E24311FC40031EE45 /* Build configuration list for PBXNativeTarget "RESTTests" */ = {
			isa = XCConfigurationList;
			buildConfigurations = (
				681CCC5C24311FC40031EE45 /* Debug */,
				681CCC5D24311FC40031EE45 /* Release */,
			);
			defaultConfigurationIsVisible = 0;
			defaultConfigurationName = Release;
		};
		D38847381C7D4DDE00160FE6 /* Build configuration list for PBXProject "stickynotes" */ = {
			isa = XCConfigurationList;
			buildConfigurations = (
				D38847521C7D4DDF00160FE6 /* Debug */,
				D38847531C7D4DDF00160FE6 /* Release */,
			);
			defaultConfigurationIsVisible = 0;
			defaultConfigurationName = Release;
		};
		D38847541C7D4DDF00160FE6 /* Build configuration list for PBXNativeTarget "stickynotes" */ = {
			isa = XCConfigurationList;
			buildConfigurations = (
				D38847551C7D4DDF00160FE6 /* Debug */,
				D38847561C7D4DDF00160FE6 /* Release */,
			);
			defaultConfigurationIsVisible = 0;
			defaultConfigurationName = Release;
		};
/* End XCConfigurationList section */
	};
	rootObject = D38847351C7D4DDE00160FE6 /* Project object */;
}
